
Microsoft Visual Studio Solution File, Format Version 12.00
# Visual Studio Version 17
VisualStudioVersion = 17.6.33815.320
MinimumVisualStudioVersion = 10.0.40219.1
Project("{FAE04EC0-301F-11D3-BF4B-00C04F79EFBC}") = "CompanyInfo", "CompanyInfo.csproj", "{CCBC6850-EA2F-40A4-BA7E-B2EA660A912F}"
EndProject
Global
	GlobalSection(SolutionConfigurationPlatforms) = preSolution
		Debug|Any CPU = Debug|Any CPU
		Release|Any CPU = Release|Any CPU
	EndGlobalSection
	GlobalSection(ProjectConfigurationPlatforms) = postSolution
		{CCBC6850-EA2F-40A4-BA7E-B2EA660A912F}.Debug|Any CPU.ActiveCfg = Debug|Any CPU
		{CCBC6850-EA2F-40A4-BA7E-B2EA660A912F}.Debug|Any CPU.Build.0 = Debug|Any CPU
		{CCBC6850-EA2F-40A4-BA7E-B2EA660A912F}.Release|Any CPU.ActiveCfg = Release|Any CPU
		{CCBC6850-EA2F-40A4-BA7E-B2EA660A912F}.Release|Any CPU.Build.0 = Release|Any CPU
	EndGlobalSection
	GlobalSection(SolutionProperties) = preSolution
		HideSolutionNode = FALSE
	EndGlobalSection
	GlobalSection(ExtensibilityGlobals) = postSolution
		SolutionGuid = {A3B89858-26E4-4F31-BB38-538A5AE8C14A}
	EndGlobalSection
EndGlobal
